
Microsoft Visual Studio Solution File, Format Version 12.00
# Visual Studio 15
VisualStudioVersion = 15.0.27428.2015
MinimumVisualStudioVersion = 10.0.40219.1
Project("{8BC9CEB8-8B4A-11D0-8D11-00A0C91BC942}") = "HOOK", "HOOK\HOOK.vcxproj", "{D4108A2E-21F7-4D61-87A7-1F86599A947F}"
EndProject
Global
	GlobalSection(SolutionConfigurationPlatforms) = preSolution
		Debug|x64 = Debug|x64
		Debug|x86 = Debug|x86
		Release|x64 = Release|x64
		Release|x86 = Release|x86
	EndGlobalSection
	GlobalSection(ProjectConfigurationPlatforms) = postSolution
		{D4108A2E-21F7-4D61-87A7-1F86599A947F}.Debug|x64.ActiveCfg = Debug|x64
		{D4108A2E-21F7-4D61-87A7-1F86599A947F}.Debug|x64.Build.0 = Debug|x64
		{D4108A2E-21F7-4D61-87A7-1F86599A947F}.Debug|x86.ActiveCfg = Debug|Win32
		{D4108A2E-21F7-4D61-87A7-1F86599A947F}.Debug|x86.Build.0 = Debug|Win32
		{D4108A2E-21F7-4D61-87A7-1F86599A947F}.Release|x64.ActiveCfg = Release|x64
		{D4108A2E-21F7-4D61-87A7-1F86599A947F}.Release|x64.Build.0 = Release|x64
		{D4108A2E-21F7-4D61-87A7-1F86599A947F}.Release|x86.ActiveCfg = Release|Win32
		{D4108A2E-21F7-4D61-87A7-1F86599A947F}.Release|x86.Build.0 = Release|Win32
	EndGlobalSection
	GlobalSection(SolutionProperties) = preSolution
		HideSolutionNode = FALSE
	EndGlobalSection
	GlobalSection(ExtensibilityGlobals) = postSolution
		SolutionGuid = {A4F76DE7-D64D-44EA-A044-B38F3C87EDC8}
	EndGlobalSection
EndGlobal
